
Microsoft Visual Studio Solution File, Format Version 12.00
# Visual Studio Version 16
VisualStudioVersion = 16.0.29613.14
MinimumVisualStudioVersion = 10.0.40219.1
Project("{FAE04EC0-301F-11D3-BF4B-00C04F79EFBC}") = "utilitaire-nam", "utilitaire-nam\utilitaire-nam.csproj", "{A0CC265F-B0E3-434D-977C-163753D35DE3}"
EndProject
Project("{FAE04EC0-301F-11D3-BF4B-00C04F79EFBC}") = "utilitaire-nam.tests", "utilitaire-nam.tests\utilitaire-nam.tests.csproj", "{5719FB11-CCBF-4F7C-B939-BAC92FB9D5ED}"
EndProject
Global
	GlobalSection(SolutionConfigurationPlatforms) = preSolution
		Debug|Any CPU = Debug|Any CPU
		Release|Any CPU = Release|Any CPU
	EndGlobalSection
	GlobalSection(ProjectConfigurationPlatforms) = postSolution
		{A0CC265F-B0E3-434D-977C-163753D35DE3}.Debug|Any CPU.ActiveCfg = Debug|Any CPU
		{A0CC265F-B0E3-434D-977C-163753D35DE3}.Debug|Any CPU.Build.0 = Debug|Any CPU
		{A0CC265F-B0E3-434D-977C-163753D35DE3}.Release|Any CPU.ActiveCfg = Release|Any CPU
		{A0CC265F-B0E3-434D-977C-163753D35DE3}.Release|Any CPU.Build.0 = Release|Any CPU
		{5719FB11-CCBF-4F7C-B939-BAC92FB9D5ED}.Debug|Any CPU.ActiveCfg = Debug|Any CPU
		{5719FB11-CCBF-4F7C-B939-BAC92FB9D5ED}.Debug|Any CPU.Build.0 = Debug|Any CPU
		{5719FB11-CCBF-4F7C-B939-BAC92FB9D5ED}.Release|Any CPU.ActiveCfg = Release|Any CPU
		{5719FB11-CCBF-4F7C-B939-BAC92FB9D5ED}.Release|Any CPU.Build.0 = Release|Any CPU
	EndGlobalSection
	GlobalSection(SolutionProperties) = preSolution
		HideSolutionNode = FALSE
	EndGlobalSection
	GlobalSection(ExtensibilityGlobals) = postSolution
		SolutionGuid = {1A4D60E7-9743-4471-B3C3-EA8204706213}
	EndGlobalSection
EndGlobal
